{
  "version": 1,
  "dependencies": {
    "net8.0-windows7.0": {
      "DalamudPackager": {
        "type": "Direct",
        "requested": "[11.0.0, )",
        "resolved": "11.0.0",
        "contentHash": "bjT7XUlhIJSmsE/O76b7weUX+evvGQctbQB8aKXt94o+oPWxHpCepxAGMs7Thow3AzCyqWs7cOpp9/2wcgRRQA=="
      },
      "DotNet.Glob": {
        "type": "Direct",
        "requested": "[3.1.3, )",
        "resolved": "3.1.3",
        "contentHash": "hOfHw7MLJw/tbXaFwR1oiDb+dIXDp8URTxp5Pco42OOhiw77wrUNx6v6syNygHZbWwYdXQocL2Mo1l5FnfDVjg=="
      },
      "Fody": {
        "type": "Direct",
        "requested": "[6.9.1, )",
        "resolved": "6.9.1",
        "contentHash": "Y33IOTstqsDaq2+1Cweu4s/V2iAAaRY6bPIANCre3Wlx9REc+ONyYmUdCc67Z12dy0N2Haq3t7QP4ANndsu/HA=="
      },
      "Resourcer.Fody": {
        "type": "Direct",
        "requested": "[1.8.1, )",
        "resolved": "1.8.1",
        "contentHash": "FPeK4jKyyX5+mIjTnHNReGZk2/2xDhmu44UsBI5w9WEhbr4oTMmht3rnBr46A+GCGepC4+2N41K4vExDYiGNVQ==",
        "dependencies": {
          "Fody": "6.6.4"
        }
      }
    }
  }
}